
Microsoft Visual Studio Solution File, Format Version 12.00
# Visual Studio Version 16
VisualStudioVersion = 16.0.30611.23
MinimumVisualStudioVersion = 10.0.40219.1
Project("{9A19103F-16F7-4668-BE54-9A1E7A4F7556}") = "SP.LABII.WinFormsApp", "SP.LABII.WinFormsApp\SP.LABII.WinFormsApp.csproj", "{26435B8D-5FFB-4D09-ADCB-1990448F617C}"
EndProject
Project("{FAE04EC0-301F-11D3-BF4B-00C04F79EFBC}") = "EntidadesSP", "EntidadesSP\EntidadesSP.csproj", "{68749034-BBBC-456E-B81C-A1B778517A01}"
EndProject
Global
	GlobalSection(SolutionConfigurationPlatforms) = preSolution
		Debug|Any CPU = Debug|Any CPU
		Release|Any CPU = Release|Any CPU
	EndGlobalSection
	GlobalSection(ProjectConfigurationPlatforms) = postSolution
		{26435B8D-5FFB-4D09-ADCB-1990448F617C}.Debug|Any CPU.ActiveCfg = Debug|Any CPU
		{26435B8D-5FFB-4D09-ADCB-1990448F617C}.Debug|Any CPU.Build.0 = Debug|Any CPU
		{26435B8D-5FFB-4D09-ADCB-1990448F617C}.Release|Any CPU.ActiveCfg = Release|Any CPU
		{26435B8D-5FFB-4D09-ADCB-1990448F617C}.Release|Any CPU.Build.0 = Release|Any CPU
		{68749034-BBBC-456E-B81C-A1B778517A01}.Debug|Any CPU.ActiveCfg = Debug|Any CPU
		{68749034-BBBC-456E-B81C-A1B778517A01}.Debug|Any CPU.Build.0 = Debug|Any CPU
		{68749034-BBBC-456E-B81C-A1B778517A01}.Release|Any CPU.ActiveCfg = Release|Any CPU
		{68749034-BBBC-456E-B81C-A1B778517A01}.Release|Any CPU.Build.0 = Release|Any CPU
	EndGlobalSection
	GlobalSection(SolutionProperties) = preSolution
		HideSolutionNode = FALSE
	EndGlobalSection
	GlobalSection(ExtensibilityGlobals) = postSolution
		SolutionGuid = {0C23849E-52A5-401C-B42A-BC5A5E5BEA7E}
	EndGlobalSection
EndGlobal
